
Microsoft Visual Studio Solution File, Format Version 12.00
# Visual Studio 15
VisualStudioVersion = 15.0.28307.572
MinimumVisualStudioVersion = 10.0.40219.1
Project("{9A19103F-16F7-4668-BE54-9A1E7A4F7556}") = "SpaceStationRecruitment", "SpaceStationRecruitment.csproj", "{FF8AF200-CA31-4FA6-AEB7-CA4E11046F25}"
EndProject
Global
	GlobalSection(SolutionConfigurationPlatforms) = preSolution
		Debug|Any CPU = Debug|Any CPU
		Release|Any CPU = Release|Any CPU
	EndGlobalSection
	GlobalSection(ProjectConfigurationPlatforms) = postSolution
		{FF8AF200-CA31-4FA6-AEB7-CA4E11046F25}.Debug|Any CPU.ActiveCfg = Debug|Any CPU
		{FF8AF200-CA31-4FA6-AEB7-CA4E11046F25}.Debug|Any CPU.Build.0 = Debug|Any CPU
		{FF8AF200-CA31-4FA6-AEB7-CA4E11046F25}.Release|Any CPU.ActiveCfg = Release|Any CPU
		{FF8AF200-CA31-4FA6-AEB7-CA4E11046F25}.Release|Any CPU.Build.0 = Release|Any CPU
	EndGlobalSection
	GlobalSection(SolutionProperties) = preSolution
		HideSolutionNode = FALSE
	EndGlobalSection
	GlobalSection(ExtensibilityGlobals) = postSolution
		SolutionGuid = {1CA8861C-BF31-48F3-AA66-EEB3D20DA861}
	EndGlobalSection
EndGlobal
